# @generated - this file is auto-generated by `mise lock` https://mise.en.dev/dev-tools/mise-lock.html

[[tools.chezmoi]]
version = "2.71.1"
backend = "aqua:twpayne/chezmoi"

[tools.chezmoi."platforms.linux-x64"]
checksum = "sha256:e1fb16c962644d57f4d451c324aa86163d00faf5d035500f41fb48943a66dfed"
url = "https://github.com/twpayne/chezmoi/releases/download/v2.71.1/chezmoi_2.71.1_linux_amd64.tar.gz"

[tools.chezmoi."platforms.macos-arm64"]
checksum = "sha256:9fad1201c328428634b8a086f767df0dfe6dd3ea1128a2a7c45bc0b16641e294"
url = "https://github.com/twpayne/chezmoi/releases/download/v2.71.1/chezmoi_2.71.1_darwin_arm64.tar.gz"
