# @generated - this file is auto-generated by `mise lock` https://mise.en.dev/dev-tools/mise-lock.html

[[tools.actionlint]]
version = "1.7.12"
backend = "aqua:rhysd/actionlint"

[tools.actionlint."platforms.linux-x64"]
checksum = "sha256:8aca8db96f1b94770f1b0d72b6dddcb1ebb8123cb3712530b08cc387b349a3d8"
url = "https://github.com/rhysd/actionlint/releases/download/v1.7.12/actionlint_1.7.12_linux_amd64.tar.gz"
provenance = "github-attestations"

[tools.actionlint."platforms.macos-arm64"]
checksum = "sha256:aba9ced2dee8d27fecca3dc7feb1a7f9a52caefa1eb46f3271ea66b6e0e6953f"
url = "https://github.com/rhysd/actionlint/releases/download/v1.7.12/actionlint_1.7.12_darwin_arm64.tar.gz"
provenance = "github-attestations"

[[tools.age]]
version = "1.3.1"
backend = "aqua:FiloSottile/age"

[tools.age."platforms.linux-x64"]
checksum = "sha256:bdc69c09cbdd6cf8b1f333d372a1f58247b3a33146406333e30c0f26e8f51377"
url = "https://github.com/FiloSottile/age/releases/download/v1.3.1/age-v1.3.1-linux-amd64.tar.gz"
provenance = "github-attestations"

[tools.age."platforms.macos-arm64"]
checksum = "sha256:01120ea2cbf0463d4c6bd767f99f3271bbed1cdc8a9aa718a76ba1fe4f01998b"
url = "https://github.com/FiloSottile/age/releases/download/v1.3.1/age-v1.3.1-darwin-arm64.tar.gz"
provenance = "github-attestations"

[[tools.awscli]]
version = "2.36.18"
backend = "aqua:aws/aws-cli"

[tools.awscli."platforms.linux-x64"]
url = "https://awscli.amazonaws.com/awscli-exe-linux-x86_64-2.36.18.zip"

[tools.awscli."platforms.macos-arm64"]
url = "https://awscli.amazonaws.com/AWSCLIV2-2.36.18.pkg"

[[tools.bun]]
version = "1.3.14"
backend = "core:bun"

[tools.bun."platforms.linux-x64"]
checksum = "sha256:951ee2aee855f08595aeec6225226a298d3fea83a3dcd6465c09cbccdf7e848f"
url = "https://github.com/oven-sh/bun/releases/download/bun-v1.3.14/bun-linux-x64.zip"

[tools.bun."platforms.linux-x64-baseline"]
checksum = "sha256:a063908ae08b7852ca10939bbdc6ceed3ddabce8fb9402dce83d65d73b36e6c7"
url = "https://github.com/oven-sh/bun/releases/download/bun-v1.3.14/bun-linux-x64-baseline.zip"

[tools.bun."platforms.linux-x64-musl"]
checksum = "sha256:14bd9aedeebf1dba67e8def9531c89bc989ecfdf1de42e5bfcaf1b8cd9294719"
url = "https://github.com/oven-sh/bun/releases/download/bun-v1.3.14/bun-linux-x64-musl.zip"

[tools.bun."platforms.linux-x64-musl-baseline"]
checksum = "sha256:56a7d6806cf155536c0178f0ea5fbd098e684fa509ebdb4fc0a7e19fb65382dc"
url = "https://github.com/oven-sh/bun/releases/download/bun-v1.3.14/bun-linux-x64-musl-baseline.zip"

[tools.bun."platforms.macos-arm64"]
checksum = "sha256:d8b96221828ad6f97ac7ac0ab7e95872341af763001e8803e8267652c2652620"
url = "https://github.com/oven-sh/bun/releases/download/bun-v1.3.14/bun-darwin-aarch64.zip"

[[tools.chezmoi]]
version = "2.71.1"
backend = "aqua:twpayne/chezmoi"

[tools.chezmoi."platforms.linux-x64"]
checksum = "sha256:e1fb16c962644d57f4d451c324aa86163d00faf5d035500f41fb48943a66dfed"
url = "https://github.com/twpayne/chezmoi/releases/download/v2.71.1/chezmoi_2.71.1_linux_amd64.tar.gz"

[tools.chezmoi."platforms.macos-arm64"]
checksum = "sha256:9fad1201c328428634b8a086f767df0dfe6dd3ea1128a2a7c45bc0b16641e294"
url = "https://github.com/twpayne/chezmoi/releases/download/v2.71.1/chezmoi_2.71.1_darwin_arm64.tar.gz"

[[tools.codex]]
version = "0.146.0"
backend = "aqua:openai/codex"

[tools.codex."platforms.linux-x64"]
checksum = "sha256:0ad69792208dd46a8486a6eec354293ef54715946e3a60668308ea8f9afc6c0e"
url = "https://github.com/openai/codex/releases/download/rust-v0.146.0/codex-x86_64-unknown-linux-musl.zst"

[tools.codex."platforms.macos-arm64"]
checksum = "sha256:bb99ed8494acbbaaad8ff5dd9325bf0bcdb43703718cc0402dd9defea14014ec"
url = "https://github.com/openai/codex/releases/download/rust-v0.146.0/codex-aarch64-apple-darwin.zst"

[[tools.gh]]
version = "2.97.0"
backend = "aqua:cli/cli"

[tools.gh."platforms.linux-x64"]
checksum = "sha256:a2c9b8497e1f85b1ad0dfcb78b5a622e098801b8e461e459e88e1ee12f018112"
url = "https://github.com/cli/cli/releases/download/v2.97.0/gh_2.97.0_linux_amd64.tar.gz"
provenance = "github-attestations"

[tools.gh."platforms.macos-arm64"]
checksum = "sha256:a58b8fd77b417a38f47a0b54d1370c59b0fcdb324ccc9ca002b0998f7c4c999e"
url = "https://github.com/cli/cli/releases/download/v2.97.0/gh_2.97.0_macOS_arm64.zip"
provenance = "github-attestations"

[[tools."github:mongodb/kingfisher"]]
version = "1.110.0"
backend = "github:mongodb/kingfisher"

[tools."github:mongodb/kingfisher"."platforms.linux-x64"]
checksum = "sha256:f55296fe4c6090c27963b2f62f5938e90b187ab1357466c8661d3786f6be7f14"
url = "https://github.com/mongodb/kingfisher/releases/download/v1.110.0/kingfisher-linux-x64.tgz"
url_api = "https://api.github.com/repos/mongodb/kingfisher/releases/assets/497270373"
provenance = "github-attestations"

[tools."github:mongodb/kingfisher"."platforms.macos-arm64"]
checksum = "sha256:f2a5e324eb57578817d7398158ae243f4b1db374df4a40228dcc02cd48db4400"
url = "https://github.com/mongodb/kingfisher/releases/download/v1.110.0/kingfisher-darwin-arm64.tgz"
url_api = "https://api.github.com/repos/mongodb/kingfisher/releases/assets/497270491"
provenance = "github-attestations"

[[tools.helm]]
version = "4.2.3"
backend = "aqua:helm/helm"

[tools.helm."platforms.linux-x64"]
checksum = "sha256:e9b88b4ee95b18c706839c28d3a0220e5bc470e9cd9262410c90793c45ff8b7c"
url = "https://get.helm.sh/helm-v4.2.3-linux-amd64.tar.gz"

[tools.helm."platforms.macos-arm64"]
checksum = "sha256:048ecf5ad3160f83d918f9fe945238d2132b079640f7b106175331c25f242c64"
url = "https://get.helm.sh/helm-v4.2.3-darwin-arm64.tar.gz"

[[tools.jq]]
version = "1.8.2"
backend = "aqua:jqlang/jq"

[tools.jq."platforms.linux-x64"]
checksum = "sha256:b1c22172dd303f3be49e935aa56aa48a8b7a46e0bc838b4997d3bb451495870f"
url = "https://github.com/jqlang/jq/releases/download/jq-1.8.2/jq-linux-amd64"
provenance = "github-attestations"

[tools.jq."platforms.macos-arm64"]
checksum = "sha256:2d75340ba57a4b4b4c8708a21c2dc8e958a48aaa8bba13b27f77f6e4c0eca07e"
url = "https://github.com/jqlang/jq/releases/download/jq-1.8.2/jq-macos-arm64"
provenance = "github-attestations"

[[tools.kubectl]]
version = "1.36.3"
backend = "aqua:kubernetes/kubernetes/kubectl"

[tools.kubectl."platforms.linux-x64"]
checksum = "sha256:ebbd080e7c2e275093b55915722043257eb24004363e20acb3c4d71919f88336"
url = "https://dl.k8s.io/v1.36.3/bin/linux/amd64/kubectl"

[tools.kubectl."platforms.macos-arm64"]
checksum = "sha256:fc8582acde13869a606730a79379d6515f30c68afcced0b5ac8789d5d002b7d6"
url = "https://dl.k8s.io/v1.36.3/bin/darwin/arm64/kubectl"

[[tools.node]]
version = "24.19.0"
backend = "core:node"

[tools.node."platforms.linux-x64"]
checksum = "sha256:f625d97cd707df4ff96254916fbc5ff014f09c09effe5a1e0ca8f6d41a8789d4"
url = "https://nodejs.org/dist/v24.19.0/node-v24.19.0-linux-x64.tar.gz"

[tools.node."platforms.macos-arm64"]
checksum = "sha256:8294b7aa9b03997481c06babf1e8b270c859358f27da57a11509afe537ac381d"
url = "https://nodejs.org/dist/v24.19.0/node-v24.19.0-darwin-arm64.tar.gz"

[[tools."npm:@tobilu/qmd"]]
version = "2.5.3"
backend = "npm:@tobilu/qmd"

[tools."npm:@tobilu/qmd".options]
npm_args = "--ignore-scripts=false"

[[tools.opentofu]]
version = "1.12.5"
backend = "aqua:opentofu/opentofu"

[tools.opentofu."platforms.linux-x64"]
checksum = "sha256:a6894d45ae7a17ce83189cce8fe04b5a65f68cefceb62455b5a6a89fa53ab38f"
url = "https://github.com/opentofu/opentofu/releases/download/v1.12.5/tofu_1.12.5_linux_amd64.tar.gz"

[tools.opentofu."platforms.macos-arm64"]
checksum = "sha256:2ae38150a667f5c0bd57b318d18ad8091d08f93fcca40345f3d88998661de5a9"
url = "https://github.com/opentofu/opentofu/releases/download/v1.12.5/tofu_1.12.5_darwin_arm64.tar.gz"

[[tools.python]]
version = "3.14.7"
backend = "core:python"

[tools.python."platforms.linux-x64"]
checksum = "sha256:a2478d654ed51d443bae21ec20ad927f116b4f5aae4094ab74918a6aa38f0575"
url = "https://github.com/astral-sh/python-build-standalone/releases/download/20260807/cpython-3.14.7+20260807-x86_64-unknown-linux-gnu-install_only_stripped.tar.gz"
provenance = "github-attestations"

[tools.python."platforms.macos-arm64"]
checksum = "sha256:532645be202d3df8510ab318ca5faed92060a694c8327144e14fa81f31af0f6d"
url = "https://github.com/astral-sh/python-build-standalone/releases/download/20260807/cpython-3.14.7+20260807-aarch64-apple-darwin-install_only_stripped.tar.gz"
provenance = "github-attestations"

[[tools.rclone]]
version = "1.75.0"
backend = "aqua:rclone/rclone"

[tools.rclone."platforms.linux-x64"]
checksum = "sha256:aa2804e08f48250e71009c727124b6341cd0288465804a9a09d14663cabafbaa"
url = "https://github.com/rclone/rclone/releases/download/v1.75.0/rclone-v1.75.0-linux-amd64.zip"

[tools.rclone."platforms.macos-arm64"]
checksum = "sha256:35e8f2a666ce789b29111db0dd843ddabc0d59c6b609d07bcaae5d1a07cba6f8"
url = "https://github.com/rclone/rclone/releases/download/v1.75.0/rclone-v1.75.0-osx-arm64.zip"

[[tools.restic]]
version = "0.19.1"
backend = "aqua:restic/restic"

[tools.restic."platforms.linux-x64"]
checksum = "sha256:f415415624dcc452f2a02b8c33641791a8c6d6d3b65bbb3543fcf9a25151585c"
url = "https://github.com/restic/restic/releases/download/v0.19.1/restic_0.19.1_linux_amd64.bz2"

[tools.restic."platforms.macos-arm64"]
checksum = "sha256:7be0a144ccc377880f294204aa271d76e4b79554b42a751151d425ce6ebac143"
url = "https://github.com/restic/restic/releases/download/v0.19.1/restic_0.19.1_darwin_arm64.bz2"

[[tools.ripgrep]]
version = "15.2.0"
backend = "aqua:BurntSushi/ripgrep"

[tools.ripgrep."platforms.linux-x64"]
checksum = "sha256:33e15bcf1624b25cdd2a55813a47a2f95dbe126268203e76aa6a585d1e7b149c"
url = "https://github.com/BurntSushi/ripgrep/releases/download/15.2.0/ripgrep-15.2.0-x86_64-unknown-linux-musl.tar.gz"

[tools.ripgrep."platforms.macos-arm64"]
checksum = "sha256:3750b2e93f37e0c692657da574d7019a101c0084da05a790c83fd335bad973e4"
url = "https://github.com/BurntSushi/ripgrep/releases/download/15.2.0/ripgrep-15.2.0-aarch64-apple-darwin.tar.gz"

[[tools.shellcheck]]
version = "0.11.0"
backend = "aqua:koalaman/shellcheck"

[tools.shellcheck."platforms.linux-x64"]
checksum = "sha256:8c3be12b05d5c177a04c29e3c78ce89ac86f1595681cab149b65b97c4e227198"
url = "https://github.com/koalaman/shellcheck/releases/download/v0.11.0/shellcheck-v0.11.0.linux.x86_64.tar.xz"

[tools.shellcheck."platforms.macos-arm64"]
checksum = "sha256:56affdd8de5527894dca6dc3d7e0a99a873b0f004d7aabc30ae407d3f48b0a79"
url = "https://github.com/koalaman/shellcheck/releases/download/v0.11.0/shellcheck-v0.11.0.darwin.aarch64.tar.xz"

[[tools.sops]]
version = "3.13.3"
backend = "aqua:getsops/sops"

[tools.sops."platforms.linux-x64"]
checksum = "sha256:e5bec3346a873ae91d871550f3e698c1aad962aff462a080e40f25fde17fef6b"
url = "https://github.com/getsops/sops/releases/download/v3.13.3/sops-v3.13.3.linux.amd64"

[tools.sops."platforms.linux-x64".provenance.slsa]
url = "https://github.com/getsops/sops/releases/download/v3.13.3/sops-v3.13.3.intoto.jsonl"

[tools.sops."platforms.macos-arm64"]
checksum = "sha256:b97c0d434aab577dc40310e8d22ff9e45eef4c80638ab978daae9b4681c59286"
url = "https://github.com/getsops/sops/releases/download/v3.13.3/sops-v3.13.3.darwin.arm64"

[tools.sops."platforms.macos-arm64".provenance.slsa]
url = "https://github.com/getsops/sops/releases/download/v3.13.3/sops-v3.13.3.intoto.jsonl"

[[tools.uv]]
version = "0.11.14"
backend = "aqua:astral-sh/uv"

[tools.uv."platforms.linux-x64"]
checksum = "sha256:077d36f45a0cc6d440b653b2d5c53e7731121e99e54b0221267eec5d1cae76ce"
url = "https://github.com/astral-sh/uv/releases/download/0.11.14/uv-x86_64-unknown-linux-musl.tar.gz"
provenance = "github-attestations"

[tools.uv."platforms.macos-arm64"]
checksum = "sha256:4333af5c0730d94323a7819bbdf87ce92dd07fc857d67fff0059e0fca31b5c02"
url = "https://github.com/astral-sh/uv/releases/download/0.11.14/uv-aarch64-apple-darwin.tar.gz"
provenance = "github-attestations"

[[tools.yq]]
version = "4.53.3"
backend = "aqua:mikefarah/yq"

[tools.yq."platforms.linux-x64"]
checksum = "sha256:fa52a4e758c63d38299163fbdd1edfb4c4963247918bf9c1c5d31d84789eded4"
url = "https://github.com/mikefarah/yq/releases/download/v4.53.3/yq_linux_amd64"

[tools.yq."platforms.macos-arm64"]
checksum = "sha256:877de31753a4dd2401aa048937aa9a7fc4d5f6ce858cf31508c5802954297213"
url = "https://github.com/mikefarah/yq/releases/download/v4.53.3/yq_darwin_arm64"
